
Microsoft Visual Studio Solution File, Format Version 12.00
# Visual Studio Version 16
VisualStudioVersion = 16.0.29609.76
MinimumVisualStudioVersion = 10.0.40219.1
Project("{9A19103F-16F7-4668-BE54-9A1E7A4F7556}") = "b", "b.csproj", "{30D7FE3A-1F5B-4612-B67E-7338D75345DA}"
EndProject
Global
	GlobalSection(SolutionConfigurationPlatforms) = preSolution
		Debug|Any CPU = Debug|Any CPU
		Release|Any CPU = Release|Any CPU
	EndGlobalSection
	GlobalSection(ProjectConfigurationPlatforms) = postSolution
		{30D7FE3A-1F5B-4612-B67E-7338D75345DA}.Debug|Any CPU.ActiveCfg = Debug|Any CPU
		{30D7FE3A-1F5B-4612-B67E-7338D75345DA}.Debug|Any CPU.Build.0 = Debug|Any CPU
		{30D7FE3A-1F5B-4612-B67E-7338D75345DA}.Release|Any CPU.ActiveCfg = Release|Any CPU
		{30D7FE3A-1F5B-4612-B67E-7338D75345DA}.Release|Any CPU.Build.0 = Release|Any CPU
	EndGlobalSection
	GlobalSection(SolutionProperties) = preSolution
		HideSolutionNode = FALSE
	EndGlobalSection
	GlobalSection(ExtensibilityGlobals) = postSolution
		SolutionGuid = {191F79E4-0204-4C20-88F3-89EFDC434A36}
	EndGlobalSection
EndGlobal
