
Microsoft Visual Studio Solution File, Format Version 12.00
# Visual Studio Version 16
VisualStudioVersion = 16.0.29503.13
MinimumVisualStudioVersion = 10.0.40219.1
Project("{9A19103F-16F7-4668-BE54-9A1E7A4F7556}") = "a", "a.csproj", "{08388054-EEC4-4BA1-BBAE-B01FD8584921}"
EndProject
Global
	GlobalSection(SolutionConfigurationPlatforms) = preSolution
		Debug|Any CPU = Debug|Any CPU
		Release|Any CPU = Release|Any CPU
	EndGlobalSection
	GlobalSection(ProjectConfigurationPlatforms) = postSolution
		{08388054-EEC4-4BA1-BBAE-B01FD8584921}.Debug|Any CPU.ActiveCfg = Debug|Any CPU
		{08388054-EEC4-4BA1-BBAE-B01FD8584921}.Debug|Any CPU.Build.0 = Debug|Any CPU
		{08388054-EEC4-4BA1-BBAE-B01FD8584921}.Release|Any CPU.ActiveCfg = Release|Any CPU
		{08388054-EEC4-4BA1-BBAE-B01FD8584921}.Release|Any CPU.Build.0 = Release|Any CPU
	EndGlobalSection
	GlobalSection(SolutionProperties) = preSolution
		HideSolutionNode = FALSE
	EndGlobalSection
	GlobalSection(ExtensibilityGlobals) = postSolution
		SolutionGuid = {682ACD32-1A4C-458F-AF9E-C2D5D3CB352B}
	EndGlobalSection
EndGlobal
